
Microsoft Visual Studio Solution File, Format Version 12.00
# Visual Studio Version 16
VisualStudioVersion = 16.0.30804.86
MinimumVisualStudioVersion = 10.0.40219.1
Project("{9A19103F-16F7-4668-BE54-9A1E7A4F7556}") = "ChatServer", "ChatServer.csproj", "{E637BDA0-58FC-494E-A820-765AB58AA8CA}"
EndProject
Project("{9A19103F-16F7-4668-BE54-9A1E7A4F7556}") = "ChatClient", "..\ChatClient\ChatClient.csproj", "{4EAC8416-C21C-409E-953C-2E46D319B6A0}"
EndProject
Project("{FAE04EC0-301F-11D3-BF4B-00C04F79EFBC}") = "ChatServerTest", "..\ChatServerTest\ChatServerTest.csproj", "{78E3DEB5-C4B9-4A52-8B46-A4750D6AAE3F}"
EndProject
Global
	GlobalSection(SolutionConfigurationPlatforms) = preSolution
		Debug|Any CPU = Debug|Any CPU
		Release|Any CPU = Release|Any CPU
	EndGlobalSection
	GlobalSection(ProjectConfigurationPlatforms) = postSolution
		{E637BDA0-58FC-494E-A820-765AB58AA8CA}.Debug|Any CPU.ActiveCfg = Debug|Any CPU
		{E637BDA0-58FC-494E-A820-765AB58AA8CA}.Debug|Any CPU.Build.0 = Debug|Any CPU
		{E637BDA0-58FC-494E-A820-765AB58AA8CA}.Release|Any CPU.ActiveCfg = Release|Any CPU
		{E637BDA0-58FC-494E-A820-765AB58AA8CA}.Release|Any CPU.Build.0 = Release|Any CPU
		{4EAC8416-C21C-409E-953C-2E46D319B6A0}.Debug|Any CPU.ActiveCfg = Debug|Any CPU
		{4EAC8416-C21C-409E-953C-2E46D319B6A0}.Debug|Any CPU.Build.0 = Debug|Any CPU
		{4EAC8416-C21C-409E-953C-2E46D319B6A0}.Release|Any CPU.ActiveCfg = Release|Any CPU
		{4EAC8416-C21C-409E-953C-2E46D319B6A0}.Release|Any CPU.Build.0 = Release|Any CPU
		{78E3DEB5-C4B9-4A52-8B46-A4750D6AAE3F}.Debug|Any CPU.ActiveCfg = Debug|Any CPU
		{78E3DEB5-C4B9-4A52-8B46-A4750D6AAE3F}.Debug|Any CPU.Build.0 = Debug|Any CPU
		{78E3DEB5-C4B9-4A52-8B46-A4750D6AAE3F}.Release|Any CPU.ActiveCfg = Release|Any CPU
		{78E3DEB5-C4B9-4A52-8B46-A4750D6AAE3F}.Release|Any CPU.Build.0 = Release|Any CPU
	EndGlobalSection
	GlobalSection(SolutionProperties) = preSolution
		HideSolutionNode = FALSE
	EndGlobalSection
	GlobalSection(ExtensibilityGlobals) = postSolution
		SolutionGuid = {4FD296FA-C43B-420E-B580-12D05B232577}
	EndGlobalSection
EndGlobal
